Microsoft Visual Studio Solution File, Format Version 12.00
# Visual Studio Version 17
VisualStudioVersion = 17.5.2.0
MinimumVisualStudioVersion = 10.0.40219.1
Project("{FAE04EC0-301F-11D3-BF4B-00C04F79EFBC}") = "UaskusTweaks", "UaskusTweaks\UaskusTweaks.csproj", "{E44849F0-F50D-1CD6-3F94-DDA46D5150A6}"
EndProject
Global
	GlobalSection(SolutionConfigurationPlatforms) = preSolution
		Debug|Any CPU = Debug|Any CPU
		Release|Any CPU = Release|Any CPU
	EndGlobalSection
	GlobalSection(ProjectConfigurationPlatforms) = postSolution
		{E44849F0-F50D-1CD6-3F94-DDA46D5150A6}.Debug|Any CPU.ActiveCfg = Debug|Any CPU
		{E44849F0-F50D-1CD6-3F94-DDA46D5150A6}.Debug|Any CPU.Build.0 = Debug|Any CPU
		{E44849F0-F50D-1CD6-3F94-DDA46D5150A6}.Release|Any CPU.ActiveCfg = Release|Any CPU
		{E44849F0-F50D-1CD6-3F94-DDA46D5150A6}.Release|Any CPU.Build.0 = Release|Any CPU
	EndGlobalSection
	GlobalSection(SolutionProperties) = preSolution
		HideSolutionNode = FALSE
	EndGlobalSection
	GlobalSection(ExtensibilityGlobals) = postSolution
		SolutionGuid = {09B7B3FC-200B-4285-AB9A-EE365910764E}
	EndGlobalSection
EndGlobal
